
Microsoft Visual Studio Solution File, Format Version 12.00
Project("{FAE04EC0-301F-11D3-BF4B-00C04F79EFBC}") = "ComputerStore", "ComputerStore\ComputerStore.csproj", "{A15D40D6-4F60-48E8-AA7B-DBE1328BC113}"
EndProject
Project("{FAE04EC0-301F-11D3-BF4B-00C04F79EFBC}") = "ComputerApp", "ComputerApp\ComputerApp.csproj", "{ED13DA4E-31ED-4673-8CAC-77A3E13978C2}"
EndProject
Global
	GlobalSection(SolutionConfigurationPlatforms) = preSolution
		Debug|Any CPU = Debug|Any CPU
		Release|Any CPU = Release|Any CPU
	EndGlobalSection
	GlobalSection(ProjectConfigurationPlatforms) = postSolution
		{A15D40D6-4F60-48E8-AA7B-DBE1328BC113}.Debug|Any CPU.ActiveCfg = Debug|Any CPU
		{A15D40D6-4F60-48E8-AA7B-DBE1328BC113}.Debug|Any CPU.Build.0 = Debug|Any CPU
		{A15D40D6-4F60-48E8-AA7B-DBE1328BC113}.Release|Any CPU.ActiveCfg = Release|Any CPU
		{A15D40D6-4F60-48E8-AA7B-DBE1328BC113}.Release|Any CPU.Build.0 = Release|Any CPU
		{ED13DA4E-31ED-4673-8CAC-77A3E13978C2}.Debug|Any CPU.ActiveCfg = Debug|Any CPU
		{ED13DA4E-31ED-4673-8CAC-77A3E13978C2}.Debug|Any CPU.Build.0 = Debug|Any CPU
		{ED13DA4E-31ED-4673-8CAC-77A3E13978C2}.Release|Any CPU.ActiveCfg = Release|Any CPU
		{ED13DA4E-31ED-4673-8CAC-77A3E13978C2}.Release|Any CPU.Build.0 = Release|Any CPU
	EndGlobalSection
EndGlobal
